
Microsoft Visual Studio Solution File, Format Version 12.00
# Visual Studio Version 16
VisualStudioVersion = 16.0.31129.286
MinimumVisualStudioVersion = 10.0.40219.1
Project("{2150E333-8FDC-42A3-9474-1A3956D46DE8}") = "src", "src", "{B5A51526-FA20-474A-AB31-77A1FE2596A8}"
EndProject
Project("{2150E333-8FDC-42A3-9474-1A3956D46DE8}") = "test", "test", "{EE9EECD2-C9F2-4CC9-8DB2-41D18CF3FB64}"
EndProject
Project("{FAE04EC0-301F-11D3-BF4B-00C04F79EFBC}") = "DesignPatternsWith.Net.Unitary.Test", "DesignPatternsWith.Net.Unitary.Test\DesignPatternsWith.Net.Unitary.Test.csproj", "{2FE54AD9-8073-4C00-A61A-3520A267871D}"
EndProject
Project("{2150E333-8FDC-42A3-9474-1A3956D46DE8}") = "1_CreationalPatterns", "1_CreationalPatterns", "{D5754C05-8BEA-4710-A390-EEA58C7A2A12}"
EndProject
Project("{2150E333-8FDC-42A3-9474-1A3956D46DE8}") = "2_StructuralPatterns", "2_StructuralPatterns", "{5208A1D1-E558-4757-BD5E-8434ECCEBE77}"
EndProject
Project("{2150E333-8FDC-42A3-9474-1A3956D46DE8}") = "3_BehavioralPatterns", "3_BehavioralPatterns", "{DC6E255A-AF76-4BC7-BFA9-2C16CCE47397}"
EndProject
Project("{2150E333-8FDC-42A3-9474-1A3956D46DE8}") = "AbstractFactory", "AbstractFactory", "{7BA8C3C4-6660-4C3E-8C0D-A463C61D3004}"
EndProject
Project("{2150E333-8FDC-42A3-9474-1A3956D46DE8}") = "Builder", "Builder", "{89E47F97-9A5D-4202-8E83-C167975000BB}"
EndProject
Project("{2150E333-8FDC-42A3-9474-1A3956D46DE8}") = "FactoryMethod", "FactoryMethod", "{8F7BBFE0-5A26-4F65-8344-C0C6A17A75E3}"
EndProject
Project("{2150E333-8FDC-42A3-9474-1A3956D46DE8}") = "Prototype", "Prototype", "{38011AF4-8637-4819-A9E1-6F05E2CED272}"
EndProject
Project("{2150E333-8FDC-42A3-9474-1A3956D46DE8}") = "Singleton", "Singleton", "{6CB8935B-1A75-4D80-987A-AF3B70781639}"
EndProject
Project("{2150E333-8FDC-42A3-9474-1A3956D46DE8}") = "Adapter", "Adapter", "{7C94DFCB-440A-4F13-9878-442FE2F7E575}"
EndProject
Project("{2150E333-8FDC-42A3-9474-1A3956D46DE8}") = "Bridge", "Bridge", "{7C36F988-9410-49B0-933C-174527FB4320}"
EndProject
Project("{2150E333-8FDC-42A3-9474-1A3956D46DE8}") = "Composite", "Composite", "{300F039E-0079-4303-9BE6-DFE9237AC838}"
EndProject
Project("{2150E333-8FDC-42A3-9474-1A3956D46DE8}") = "Decorator", "Decorator", "{517330C7-EACF-4000-B1ED-1144A4174761}"
EndProject
Project("{2150E333-8FDC-42A3-9474-1A3956D46DE8}") = "Facade", "Facade", "{692DC784-B184-42A0-A2B1-B5F9C16FE5BF}"
EndProject
Project("{2150E333-8FDC-42A3-9474-1A3956D46DE8}") = "Flyweigth", "Flyweigth", "{1D45D9AE-FAB3-4F1F-809C-BF06BAC6EF57}"
EndProject
Project("{2150E333-8FDC-42A3-9474-1A3956D46DE8}") = "Proxy", "Proxy", "{883FA10B-2DB6-4ADA-ADEC-ADD0F1C3DBB8}"
EndProject
Project("{2150E333-8FDC-42A3-9474-1A3956D46DE8}") = "ChainOfResponsibility", "ChainOfResponsibility", "{4500290E-052B-4ADC-ACF3-64F7A9DEE70C}"
EndProject
Project("{2150E333-8FDC-42A3-9474-1A3956D46DE8}") = "Command", "Command", "{E9B3A178-FA12-4871-B4FF-5441061E3BFD}"
EndProject
Project("{2150E333-8FDC-42A3-9474-1A3956D46DE8}") = "Iterator", "Iterator", "{37855E73-C739-45F5-A20F-A8CA26F949AF}"
EndProject
Project("{2150E333-8FDC-42A3-9474-1A3956D46DE8}") = "Mediator", "Mediator", "{53E8279B-0EE7-4F0D-BB38-B42425325B16}"
EndProject
Project("{2150E333-8FDC-42A3-9474-1A3956D46DE8}") = "Memento", "Memento", "{68CABD06-C8B7-463F-BF69-99B466076686}"
EndProject
Project("{2150E333-8FDC-42A3-9474-1A3956D46DE8}") = "Observer", "Observer", "{84F858CA-5966-4347-83F0-65ACC8DEE791}"
EndProject
Project("{2150E333-8FDC-42A3-9474-1A3956D46DE8}") = "State", "State", "{101BB61B-7568-4263-B17E-CEED74F9A9E9}"
EndProject
Project("{2150E333-8FDC-42A3-9474-1A3956D46DE8}") = "Strategy", "Strategy", "{DBFAF676-4A84-44ED-AC7D-8D476F95433A}"
EndProject
Project("{2150E333-8FDC-42A3-9474-1A3956D46DE8}") = "TemplateMethod", "TemplateMethod", "{6099820D-7560-4B34-AF56-102AB5A453E1}"
EndProject
Project("{2150E333-8FDC-42A3-9474-1A3956D46DE8}") = "Visitor", "Visitor", "{05590C91-AF8B-4200-AA1A-BD2CF69EC948}"
EndProject
Project("{FAE04EC0-301F-11D3-BF4B-00C04F79EFBC}") = "Strategy", "Strategy\Strategy.csproj", "{29DF418A-F217-46D7-A07C-9E92A3AC2C33}"
EndProject
Global
	GlobalSection(SolutionConfigurationPlatforms) = preSolution
		Debug|Any CPU = Debug|Any CPU
		Release|Any CPU = Release|Any CPU
	EndGlobalSection
	GlobalSection(ProjectConfigurationPlatforms) = postSolution
		{2FE54AD9-8073-4C00-A61A-3520A267871D}.Debug|Any CPU.ActiveCfg = Debug|Any CPU
		{2FE54AD9-8073-4C00-A61A-3520A267871D}.Debug|Any CPU.Build.0 = Debug|Any CPU
		{2FE54AD9-8073-4C00-A61A-3520A267871D}.Release|Any CPU.ActiveCfg = Release|Any CPU
		{2FE54AD9-8073-4C00-A61A-3520A267871D}.Release|Any CPU.Build.0 = Release|Any CPU
		{29DF418A-F217-46D7-A07C-9E92A3AC2C33}.Debug|Any CPU.ActiveCfg = Debug|Any CPU
		{29DF418A-F217-46D7-A07C-9E92A3AC2C33}.Debug|Any CPU.Build.0 = Debug|Any CPU
		{29DF418A-F217-46D7-A07C-9E92A3AC2C33}.Release|Any CPU.ActiveCfg = Release|Any CPU
		{29DF418A-F217-46D7-A07C-9E92A3AC2C33}.Release|Any CPU.Build.0 = Release|Any CPU
	EndGlobalSection
	GlobalSection(SolutionProperties) = preSolution
		HideSolutionNode = FALSE
	EndGlobalSection
	GlobalSection(NestedProjects) = preSolution
		{2FE54AD9-8073-4C00-A61A-3520A267871D} = {EE9EECD2-C9F2-4CC9-8DB2-41D18CF3FB64}
		{D5754C05-8BEA-4710-A390-EEA58C7A2A12} = {B5A51526-FA20-474A-AB31-77A1FE2596A8}
		{5208A1D1-E558-4757-BD5E-8434ECCEBE77} = {B5A51526-FA20-474A-AB31-77A1FE2596A8}
		{DC6E255A-AF76-4BC7-BFA9-2C16CCE47397} = {B5A51526-FA20-474A-AB31-77A1FE2596A8}
		{7BA8C3C4-6660-4C3E-8C0D-A463C61D3004} = {D5754C05-8BEA-4710-A390-EEA58C7A2A12}
		{89E47F97-9A5D-4202-8E83-C167975000BB} = {D5754C05-8BEA-4710-A390-EEA58C7A2A12}
		{8F7BBFE0-5A26-4F65-8344-C0C6A17A75E3} = {D5754C05-8BEA-4710-A390-EEA58C7A2A12}
		{38011AF4-8637-4819-A9E1-6F05E2CED272} = {D5754C05-8BEA-4710-A390-EEA58C7A2A12}
		{6CB8935B-1A75-4D80-987A-AF3B70781639} = {D5754C05-8BEA-4710-A390-EEA58C7A2A12}
		{7C94DFCB-440A-4F13-9878-442FE2F7E575} = {5208A1D1-E558-4757-BD5E-8434ECCEBE77}
		{7C36F988-9410-49B0-933C-174527FB4320} = {5208A1D1-E558-4757-BD5E-8434ECCEBE77}
		{300F039E-0079-4303-9BE6-DFE9237AC838} = {5208A1D1-E558-4757-BD5E-8434ECCEBE77}
		{517330C7-EACF-4000-B1ED-1144A4174761} = {5208A1D1-E558-4757-BD5E-8434ECCEBE77}
		{692DC784-B184-42A0-A2B1-B5F9C16FE5BF} = {5208A1D1-E558-4757-BD5E-8434ECCEBE77}
		{1D45D9AE-FAB3-4F1F-809C-BF06BAC6EF57} = {5208A1D1-E558-4757-BD5E-8434ECCEBE77}
		{883FA10B-2DB6-4ADA-ADEC-ADD0F1C3DBB8} = {5208A1D1-E558-4757-BD5E-8434ECCEBE77}
		{4500290E-052B-4ADC-ACF3-64F7A9DEE70C} = {DC6E255A-AF76-4BC7-BFA9-2C16CCE47397}
		{E9B3A178-FA12-4871-B4FF-5441061E3BFD} = {DC6E255A-AF76-4BC7-BFA9-2C16CCE47397}
		{37855E73-C739-45F5-A20F-A8CA26F949AF} = {DC6E255A-AF76-4BC7-BFA9-2C16CCE47397}
		{53E8279B-0EE7-4F0D-BB38-B42425325B16} = {DC6E255A-AF76-4BC7-BFA9-2C16CCE47397}
		{68CABD06-C8B7-463F-BF69-99B466076686} = {DC6E255A-AF76-4BC7-BFA9-2C16CCE47397}
		{84F858CA-5966-4347-83F0-65ACC8DEE791} = {DC6E255A-AF76-4BC7-BFA9-2C16CCE47397}
		{101BB61B-7568-4263-B17E-CEED74F9A9E9} = {DC6E255A-AF76-4BC7-BFA9-2C16CCE47397}
		{DBFAF676-4A84-44ED-AC7D-8D476F95433A} = {DC6E255A-AF76-4BC7-BFA9-2C16CCE47397}
		{6099820D-7560-4B34-AF56-102AB5A453E1} = {DC6E255A-AF76-4BC7-BFA9-2C16CCE47397}
		{05590C91-AF8B-4200-AA1A-BD2CF69EC948} = {DC6E255A-AF76-4BC7-BFA9-2C16CCE47397}
		{29DF418A-F217-46D7-A07C-9E92A3AC2C33} = {DBFAF676-4A84-44ED-AC7D-8D476F95433A}
	EndGlobalSection
	GlobalSection(ExtensibilityGlobals) = postSolution
		SolutionGuid = {606BB78E-1E97-4CDC-85ED-8601DBE97C33}
	EndGlobalSection
EndGlobal
