
Microsoft Visual Studio Solution File, Format Version 12.00
# Visual Studio Version 16
VisualStudioVersion = 16.0.31129.286
MinimumVisualStudioVersion = 10.0.40219.1
Project("{2150E333-8FDC-42A3-9474-1A3956D46DE8}") = "src", "src", "{B5A51526-FA20-474A-AB31-77A1FE2596A8}"
EndProject
Project("{2150E333-8FDC-42A3-9474-1A3956D46DE8}") = "test", "test", "{EE9EECD2-C9F2-4CC9-8DB2-41D18CF3FB64}"
EndProject
Project("{9A19103F-16F7-4668-BE54-9A1E7A4F7556}") = "DesignPatternsWith.Net.Unitary.Test", "DesignPatternsWith.Net.Unitary.Test\DesignPatternsWith.Net.Unitary.Test.csproj", "{2FE54AD9-8073-4C00-A61A-3520A267871D}"
EndProject
Project("{2150E333-8FDC-42A3-9474-1A3956D46DE8}") = "1_CreationalPatterns", "1_CreationalPatterns", "{D5754C05-8BEA-4710-A390-EEA58C7A2A12}"
EndProject
Project("{2150E333-8FDC-42A3-9474-1A3956D46DE8}") = "2_StructuralPatterns", "2_StructuralPatterns", "{5208A1D1-E558-4757-BD5E-8434ECCEBE77}"
EndProject
Project("{2150E333-8FDC-42A3-9474-1A3956D46DE8}") = "3_BehavioralPatterns", "3_BehavioralPatterns", "{DC6E255A-AF76-4BC7-BFA9-2C16CCE47397}"
EndProject
Project("{FAE04EC0-301F-11D3-BF4B-00C04F79EFBC}") = "AbstractFactory", "AbstractFactory\AbstractFactory.csproj", "{627152E8-9792-4FFE-8D1D-462D1916084F}"
EndProject
Project("{FAE04EC0-301F-11D3-BF4B-00C04F79EFBC}") = "Builder", "Builder\Builder.csproj", "{CB11CC77-22E0-4BA0-BA78-CAE0C0DF9313}"
EndProject
Project("{FAE04EC0-301F-11D3-BF4B-00C04F79EFBC}") = "FactoryMethod", "FactoryMethod\FactoryMethod.csproj", "{1104EADF-2175-4E7F-A4E3-154CAFBDE4CC}"
EndProject
Project("{FAE04EC0-301F-11D3-BF4B-00C04F79EFBC}") = "Prototype", "Prototype\Prototype.csproj", "{3B365D97-22E2-4630-A4E2-8ACC7A511D75}"
EndProject
Project("{FAE04EC0-301F-11D3-BF4B-00C04F79EFBC}") = "Singleton", "Singleton\Singleton.csproj", "{063F40C5-B4AB-4528-BBF2-CC8B4E06E7F6}"
EndProject
Project("{FAE04EC0-301F-11D3-BF4B-00C04F79EFBC}") = "Adapter", "Adapter\Adapter.csproj", "{0EE9B2AD-C291-49DA-97AA-061AA15B86C1}"
EndProject
Project("{FAE04EC0-301F-11D3-BF4B-00C04F79EFBC}") = "Bridge", "Bridge\Bridge.csproj", "{EE77578D-A34F-4ED9-A647-002B7BADC5A8}"
EndProject
Project("{FAE04EC0-301F-11D3-BF4B-00C04F79EFBC}") = "Composite", "Composite\Composite.csproj", "{5C05217C-BB7A-48BF-A628-D3F8E7B1B2B6}"
EndProject
Project("{FAE04EC0-301F-11D3-BF4B-00C04F79EFBC}") = "Decorator", "Decorator\Decorator.csproj", "{8E5DE625-DEE3-48C5-924C-BC13F7A9BF3F}"
EndProject
Project("{FAE04EC0-301F-11D3-BF4B-00C04F79EFBC}") = "Facade", "Facade\Facade.csproj", "{2C583B62-D417-43F1-81F1-726F3936E9EA}"
EndProject
Project("{FAE04EC0-301F-11D3-BF4B-00C04F79EFBC}") = "Flyweigth", "Flyweigth\Flyweigth.csproj", "{EAB62459-9C2C-4E33-95CA-C7915B85EA07}"
EndProject
Project("{FAE04EC0-301F-11D3-BF4B-00C04F79EFBC}") = "Proxy", "Proxy\Proxy.csproj", "{2D5D454F-6765-4837-91C0-FD8AB3119480}"
EndProject
Project("{FAE04EC0-301F-11D3-BF4B-00C04F79EFBC}") = "ChainOfResponsibility", "ChainOfResponsibility\ChainOfResponsibility.csproj", "{6CBACCB0-91FF-45D0-977A-D2A32EF21908}"
EndProject
Project("{FAE04EC0-301F-11D3-BF4B-00C04F79EFBC}") = "Command", "Command\Command.csproj", "{A697710D-2606-4BB3-AFAB-4737C6F7BE04}"
EndProject
Project("{FAE04EC0-301F-11D3-BF4B-00C04F79EFBC}") = "Iterator", "Iterator\Iterator.csproj", "{2715254B-B6BC-4AF6-A1EF-A8340BF8C3EA}"
EndProject
Project("{FAE04EC0-301F-11D3-BF4B-00C04F79EFBC}") = "Mediator", "Mediator\Mediator.csproj", "{1EE71D51-70FE-4EC8-B3E8-6B796CEAD42A}"
EndProject
Project("{FAE04EC0-301F-11D3-BF4B-00C04F79EFBC}") = "Memento", "Memento\Memento.csproj", "{7120AB58-3F43-40AC-9550-77A92FCD785C}"
EndProject
Project("{FAE04EC0-301F-11D3-BF4B-00C04F79EFBC}") = "Observer", "Observer\Observer.csproj", "{619271B9-8029-4046-BAF3-B288606C383E}"
EndProject
Project("{FAE04EC0-301F-11D3-BF4B-00C04F79EFBC}") = "State", "State\State.csproj", "{BFB4169C-4C2D-418C-9B23-5AD9DCF7C193}"
EndProject
Project("{9A19103F-16F7-4668-BE54-9A1E7A4F7556}") = "Strategy", "Strategy\Strategy.csproj", "{995C9626-E37C-49C5-AC0C-334841842831}"
EndProject
Project("{FAE04EC0-301F-11D3-BF4B-00C04F79EFBC}") = "TemplateMethod", "TemplateMethod\TemplateMethod.csproj", "{523E18FF-CC1D-42F4-8234-4BE6D95B5E50}"
EndProject
Project("{FAE04EC0-301F-11D3-BF4B-00C04F79EFBC}") = "Visitor", "Visitor\Visitor.csproj", "{5C2A8803-3E5A-4EDC-B743-D377F0C0B662}"
EndProject
Global
	GlobalSection(SolutionConfigurationPlatforms) = preSolution
		Debug|Any CPU = Debug|Any CPU
		Release|Any CPU = Release|Any CPU
	EndGlobalSection
	GlobalSection(ProjectConfigurationPlatforms) = postSolution
		{2FE54AD9-8073-4C00-A61A-3520A267871D}.Debug|Any CPU.ActiveCfg = Debug|Any CPU
		{2FE54AD9-8073-4C00-A61A-3520A267871D}.Debug|Any CPU.Build.0 = Debug|Any CPU
		{2FE54AD9-8073-4C00-A61A-3520A267871D}.Release|Any CPU.ActiveCfg = Release|Any CPU
		{2FE54AD9-8073-4C00-A61A-3520A267871D}.Release|Any CPU.Build.0 = Release|Any CPU
		{627152E8-9792-4FFE-8D1D-462D1916084F}.Debug|Any CPU.ActiveCfg = Debug|Any CPU
		{627152E8-9792-4FFE-8D1D-462D1916084F}.Debug|Any CPU.Build.0 = Debug|Any CPU
		{627152E8-9792-4FFE-8D1D-462D1916084F}.Release|Any CPU.ActiveCfg = Release|Any CPU
		{627152E8-9792-4FFE-8D1D-462D1916084F}.Release|Any CPU.Build.0 = Release|Any CPU
		{CB11CC77-22E0-4BA0-BA78-CAE0C0DF9313}.Debug|Any CPU.ActiveCfg = Debug|Any CPU
		{CB11CC77-22E0-4BA0-BA78-CAE0C0DF9313}.Debug|Any CPU.Build.0 = Debug|Any CPU
		{CB11CC77-22E0-4BA0-BA78-CAE0C0DF9313}.Release|Any CPU.ActiveCfg = Release|Any CPU
		{CB11CC77-22E0-4BA0-BA78-CAE0C0DF9313}.Release|Any CPU.Build.0 = Release|Any CPU
		{1104EADF-2175-4E7F-A4E3-154CAFBDE4CC}.Debug|Any CPU.ActiveCfg = Debug|Any CPU
		{1104EADF-2175-4E7F-A4E3-154CAFBDE4CC}.Debug|Any CPU.Build.0 = Debug|Any CPU
		{1104EADF-2175-4E7F-A4E3-154CAFBDE4CC}.Release|Any CPU.ActiveCfg = Release|Any CPU
		{1104EADF-2175-4E7F-A4E3-154CAFBDE4CC}.Release|Any CPU.Build.0 = Release|Any CPU
		{3B365D97-22E2-4630-A4E2-8ACC7A511D75}.Debug|Any CPU.ActiveCfg = Debug|Any CPU
		{3B365D97-22E2-4630-A4E2-8ACC7A511D75}.Debug|Any CPU.Build.0 = Debug|Any CPU
		{3B365D97-22E2-4630-A4E2-8ACC7A511D75}.Release|Any CPU.ActiveCfg = Release|Any CPU
		{3B365D97-22E2-4630-A4E2-8ACC7A511D75}.Release|Any CPU.Build.0 = Release|Any CPU
		{063F40C5-B4AB-4528-BBF2-CC8B4E06E7F6}.Debug|Any CPU.ActiveCfg = Debug|Any CPU
		{063F40C5-B4AB-4528-BBF2-CC8B4E06E7F6}.Debug|Any CPU.Build.0 = Debug|Any CPU
		{063F40C5-B4AB-4528-BBF2-CC8B4E06E7F6}.Release|Any CPU.ActiveCfg = Release|Any CPU
		{063F40C5-B4AB-4528-BBF2-CC8B4E06E7F6}.Release|Any CPU.Build.0 = Release|Any CPU
		{0EE9B2AD-C291-49DA-97AA-061AA15B86C1}.Debug|Any CPU.ActiveCfg = Debug|Any CPU
		{0EE9B2AD-C291-49DA-97AA-061AA15B86C1}.Debug|Any CPU.Build.0 = Debug|Any CPU
		{0EE9B2AD-C291-49DA-97AA-061AA15B86C1}.Release|Any CPU.ActiveCfg = Release|Any CPU
		{0EE9B2AD-C291-49DA-97AA-061AA15B86C1}.Release|Any CPU.Build.0 = Release|Any CPU
		{EE77578D-A34F-4ED9-A647-002B7BADC5A8}.Debug|Any CPU.ActiveCfg = Debug|Any CPU
		{EE77578D-A34F-4ED9-A647-002B7BADC5A8}.Debug|Any CPU.Build.0 = Debug|Any CPU
		{EE77578D-A34F-4ED9-A647-002B7BADC5A8}.Release|Any CPU.ActiveCfg = Release|Any CPU
		{EE77578D-A34F-4ED9-A647-002B7BADC5A8}.Release|Any CPU.Build.0 = Release|Any CPU
		{5C05217C-BB7A-48BF-A628-D3F8E7B1B2B6}.Debug|Any CPU.ActiveCfg = Debug|Any CPU
		{5C05217C-BB7A-48BF-A628-D3F8E7B1B2B6}.Debug|Any CPU.Build.0 = Debug|Any CPU
		{5C05217C-BB7A-48BF-A628-D3F8E7B1B2B6}.Release|Any CPU.ActiveCfg = Release|Any CPU
		{5C05217C-BB7A-48BF-A628-D3F8E7B1B2B6}.Release|Any CPU.Build.0 = Release|Any CPU
		{8E5DE625-DEE3-48C5-924C-BC13F7A9BF3F}.Debug|Any CPU.ActiveCfg = Debug|Any CPU
		{8E5DE625-DEE3-48C5-924C-BC13F7A9BF3F}.Debug|Any CPU.Build.0 = Debug|Any CPU
		{8E5DE625-DEE3-48C5-924C-BC13F7A9BF3F}.Release|Any CPU.ActiveCfg = Release|Any CPU
		{8E5DE625-DEE3-48C5-924C-BC13F7A9BF3F}.Release|Any CPU.Build.0 = Release|Any CPU
		{2C583B62-D417-43F1-81F1-726F3936E9EA}.Debug|Any CPU.ActiveCfg = Debug|Any CPU
		{2C583B62-D417-43F1-81F1-726F3936E9EA}.Debug|Any CPU.Build.0 = Debug|Any CPU
		{2C583B62-D417-43F1-81F1-726F3936E9EA}.Release|Any CPU.ActiveCfg = Release|Any CPU
		{2C583B62-D417-43F1-81F1-726F3936E9EA}.Release|Any CPU.Build.0 = Release|Any CPU
		{EAB62459-9C2C-4E33-95CA-C7915B85EA07}.Debug|Any CPU.ActiveCfg = Debug|Any CPU
		{EAB62459-9C2C-4E33-95CA-C7915B85EA07}.Debug|Any CPU.Build.0 = Debug|Any CPU
		{EAB62459-9C2C-4E33-95CA-C7915B85EA07}.Release|Any CPU.ActiveCfg = Release|Any CPU
		{EAB62459-9C2C-4E33-95CA-C7915B85EA07}.Release|Any CPU.Build.0 = Release|Any CPU
		{2D5D454F-6765-4837-91C0-FD8AB3119480}.Debug|Any CPU.ActiveCfg = Debug|Any CPU
		{2D5D454F-6765-4837-91C0-FD8AB3119480}.Debug|Any CPU.Build.0 = Debug|Any CPU
		{2D5D454F-6765-4837-91C0-FD8AB3119480}.Release|Any CPU.ActiveCfg = Release|Any CPU
		{2D5D454F-6765-4837-91C0-FD8AB3119480}.Release|Any CPU.Build.0 = Release|Any CPU
		{6CBACCB0-91FF-45D0-977A-D2A32EF21908}.Debug|Any CPU.ActiveCfg = Debug|Any CPU
		{6CBACCB0-91FF-45D0-977A-D2A32EF21908}.Debug|Any CPU.Build.0 = Debug|Any CPU
		{6CBACCB0-91FF-45D0-977A-D2A32EF21908}.Release|Any CPU.ActiveCfg = Release|Any CPU
		{6CBACCB0-91FF-45D0-977A-D2A32EF21908}.Release|Any CPU.Build.0 = Release|Any CPU
		{A697710D-2606-4BB3-AFAB-4737C6F7BE04}.Debug|Any CPU.ActiveCfg = Debug|Any CPU
		{A697710D-2606-4BB3-AFAB-4737C6F7BE04}.Debug|Any CPU.Build.0 = Debug|Any CPU
		{A697710D-2606-4BB3-AFAB-4737C6F7BE04}.Release|Any CPU.ActiveCfg = Release|Any CPU
		{A697710D-2606-4BB3-AFAB-4737C6F7BE04}.Release|Any CPU.Build.0 = Release|Any CPU
		{2715254B-B6BC-4AF6-A1EF-A8340BF8C3EA}.Debug|Any CPU.ActiveCfg = Debug|Any CPU
		{2715254B-B6BC-4AF6-A1EF-A8340BF8C3EA}.Debug|Any CPU.Build.0 = Debug|Any CPU
		{2715254B-B6BC-4AF6-A1EF-A8340BF8C3EA}.Release|Any CPU.ActiveCfg = Release|Any CPU
		{2715254B-B6BC-4AF6-A1EF-A8340BF8C3EA}.Release|Any CPU.Build.0 = Release|Any CPU
		{1EE71D51-70FE-4EC8-B3E8-6B796CEAD42A}.Debug|Any CPU.ActiveCfg = Debug|Any CPU
		{1EE71D51-70FE-4EC8-B3E8-6B796CEAD42A}.Debug|Any CPU.Build.0 = Debug|Any CPU
		{1EE71D51-70FE-4EC8-B3E8-6B796CEAD42A}.Release|Any CPU.ActiveCfg = Release|Any CPU
		{1EE71D51-70FE-4EC8-B3E8-6B796CEAD42A}.Release|Any CPU.Build.0 = Release|Any CPU
		{7120AB58-3F43-40AC-9550-77A92FCD785C}.Debug|Any CPU.ActiveCfg = Debug|Any CPU
		{7120AB58-3F43-40AC-9550-77A92FCD785C}.Debug|Any CPU.Build.0 = Debug|Any CPU
		{7120AB58-3F43-40AC-9550-77A92FCD785C}.Release|Any CPU.ActiveCfg = Release|Any CPU
		{7120AB58-3F43-40AC-9550-77A92FCD785C}.Release|Any CPU.Build.0 = Release|Any CPU
		{619271B9-8029-4046-BAF3-B288606C383E}.Debug|Any CPU.ActiveCfg = Debug|Any CPU
		{619271B9-8029-4046-BAF3-B288606C383E}.Debug|Any CPU.Build.0 = Debug|Any CPU
		{619271B9-8029-4046-BAF3-B288606C383E}.Release|Any CPU.ActiveCfg = Release|Any CPU
		{619271B9-8029-4046-BAF3-B288606C383E}.Release|Any CPU.Build.0 = Release|Any CPU
		{BFB4169C-4C2D-418C-9B23-5AD9DCF7C193}.Debug|Any CPU.ActiveCfg = Debug|Any CPU
		{BFB4169C-4C2D-418C-9B23-5AD9DCF7C193}.Debug|Any CPU.Build.0 = Debug|Any CPU
		{BFB4169C-4C2D-418C-9B23-5AD9DCF7C193}.Release|Any CPU.ActiveCfg = Release|Any CPU
		{BFB4169C-4C2D-418C-9B23-5AD9DCF7C193}.Release|Any CPU.Build.0 = Release|Any CPU
		{995C9626-E37C-49C5-AC0C-334841842831}.Debug|Any CPU.ActiveCfg = Debug|Any CPU
		{995C9626-E37C-49C5-AC0C-334841842831}.Debug|Any CPU.Build.0 = Debug|Any CPU
		{995C9626-E37C-49C5-AC0C-334841842831}.Release|Any CPU.ActiveCfg = Release|Any CPU
		{995C9626-E37C-49C5-AC0C-334841842831}.Release|Any CPU.Build.0 = Release|Any CPU
		{523E18FF-CC1D-42F4-8234-4BE6D95B5E50}.Debug|Any CPU.ActiveCfg = Debug|Any CPU
		{523E18FF-CC1D-42F4-8234-4BE6D95B5E50}.Debug|Any CPU.Build.0 = Debug|Any CPU
		{523E18FF-CC1D-42F4-8234-4BE6D95B5E50}.Release|Any CPU.ActiveCfg = Release|Any CPU
		{523E18FF-CC1D-42F4-8234-4BE6D95B5E50}.Release|Any CPU.Build.0 = Release|Any CPU
		{5C2A8803-3E5A-4EDC-B743-D377F0C0B662}.Debug|Any CPU.ActiveCfg = Debug|Any CPU
		{5C2A8803-3E5A-4EDC-B743-D377F0C0B662}.Debug|Any CPU.Build.0 = Debug|Any CPU
		{5C2A8803-3E5A-4EDC-B743-D377F0C0B662}.Release|Any CPU.ActiveCfg = Release|Any CPU
		{5C2A8803-3E5A-4EDC-B743-D377F0C0B662}.Release|Any CPU.Build.0 = Release|Any CPU
	EndGlobalSection
	GlobalSection(SolutionProperties) = preSolution
		HideSolutionNode = FALSE
	EndGlobalSection
	GlobalSection(NestedProjects) = preSolution
		{2FE54AD9-8073-4C00-A61A-3520A267871D} = {EE9EECD2-C9F2-4CC9-8DB2-41D18CF3FB64}
		{D5754C05-8BEA-4710-A390-EEA58C7A2A12} = {B5A51526-FA20-474A-AB31-77A1FE2596A8}
		{5208A1D1-E558-4757-BD5E-8434ECCEBE77} = {B5A51526-FA20-474A-AB31-77A1FE2596A8}
		{DC6E255A-AF76-4BC7-BFA9-2C16CCE47397} = {B5A51526-FA20-474A-AB31-77A1FE2596A8}
		{627152E8-9792-4FFE-8D1D-462D1916084F} = {D5754C05-8BEA-4710-A390-EEA58C7A2A12}
		{CB11CC77-22E0-4BA0-BA78-CAE0C0DF9313} = {D5754C05-8BEA-4710-A390-EEA58C7A2A12}
		{1104EADF-2175-4E7F-A4E3-154CAFBDE4CC} = {D5754C05-8BEA-4710-A390-EEA58C7A2A12}
		{3B365D97-22E2-4630-A4E2-8ACC7A511D75} = {D5754C05-8BEA-4710-A390-EEA58C7A2A12}
		{063F40C5-B4AB-4528-BBF2-CC8B4E06E7F6} = {D5754C05-8BEA-4710-A390-EEA58C7A2A12}
		{0EE9B2AD-C291-49DA-97AA-061AA15B86C1} = {5208A1D1-E558-4757-BD5E-8434ECCEBE77}
		{EE77578D-A34F-4ED9-A647-002B7BADC5A8} = {5208A1D1-E558-4757-BD5E-8434ECCEBE77}
		{5C05217C-BB7A-48BF-A628-D3F8E7B1B2B6} = {5208A1D1-E558-4757-BD5E-8434ECCEBE77}
		{8E5DE625-DEE3-48C5-924C-BC13F7A9BF3F} = {5208A1D1-E558-4757-BD5E-8434ECCEBE77}
		{2C583B62-D417-43F1-81F1-726F3936E9EA} = {5208A1D1-E558-4757-BD5E-8434ECCEBE77}
		{EAB62459-9C2C-4E33-95CA-C7915B85EA07} = {5208A1D1-E558-4757-BD5E-8434ECCEBE77}
		{2D5D454F-6765-4837-91C0-FD8AB3119480} = {5208A1D1-E558-4757-BD5E-8434ECCEBE77}
		{6CBACCB0-91FF-45D0-977A-D2A32EF21908} = {DC6E255A-AF76-4BC7-BFA9-2C16CCE47397}
		{A697710D-2606-4BB3-AFAB-4737C6F7BE04} = {DC6E255A-AF76-4BC7-BFA9-2C16CCE47397}
		{2715254B-B6BC-4AF6-A1EF-A8340BF8C3EA} = {DC6E255A-AF76-4BC7-BFA9-2C16CCE47397}
		{1EE71D51-70FE-4EC8-B3E8-6B796CEAD42A} = {DC6E255A-AF76-4BC7-BFA9-2C16CCE47397}
		{7120AB58-3F43-40AC-9550-77A92FCD785C} = {DC6E255A-AF76-4BC7-BFA9-2C16CCE47397}
		{619271B9-8029-4046-BAF3-B288606C383E} = {DC6E255A-AF76-4BC7-BFA9-2C16CCE47397}
		{BFB4169C-4C2D-418C-9B23-5AD9DCF7C193} = {DC6E255A-AF76-4BC7-BFA9-2C16CCE47397}
		{995C9626-E37C-49C5-AC0C-334841842831} = {DC6E255A-AF76-4BC7-BFA9-2C16CCE47397}
		{523E18FF-CC1D-42F4-8234-4BE6D95B5E50} = {DC6E255A-AF76-4BC7-BFA9-2C16CCE47397}
		{5C2A8803-3E5A-4EDC-B743-D377F0C0B662} = {DC6E255A-AF76-4BC7-BFA9-2C16CCE47397}
	EndGlobalSection
	GlobalSection(ExtensibilityGlobals) = postSolution
		SolutionGuid = {606BB78E-1E97-4CDC-85ED-8601DBE97C33}
	EndGlobalSection
EndGlobal
